
Microsoft Visual Studio Solution File, Format Version 12.00
# Visual Studio Express 2013 for Windows Desktop
VisualStudioVersion = 12.0.21005.1
MinimumVisualStudioVersion = 10.0.40219.1
Project("{8BC9CEB8-8B4A-11D0-8D11-00A0C91BC942}") = "148", "148\148.vcxproj", "{7D049D55-7F0F-4561-B374-657E5599FDEA}"
EndProject
Project("{8BC9CEB8-8B4A-11D0-8D11-00A0C91BC942}") = "146", "146\146.vcxproj", "{9AF9C061-03A5-4A55-BCEC-9BEE553BABA4}"
EndProject
Project("{8BC9CEB8-8B4A-11D0-8D11-00A0C91BC942}") = "144", "144\144.vcxproj", "{E43399FA-E674-47EE-B3F2-BCC431DB0C0E}"
EndProject
Global
	GlobalSection(SolutionConfigurationPlatforms) = preSolution
		Debug|Win32 = Debug|Win32
		Release|Win32 = Release|Win32
	EndGlobalSection
	GlobalSection(ProjectConfigurationPlatforms) = postSolution
		{7D049D55-7F0F-4561-B374-657E5599FDEA}.Debug|Win32.ActiveCfg = Debug|Win32
		{7D049D55-7F0F-4561-B374-657E5599FDEA}.Debug|Win32.Build.0 = Debug|Win32
		{7D049D55-7F0F-4561-B374-657E5599FDEA}.Release|Win32.ActiveCfg = Release|Win32
		{7D049D55-7F0F-4561-B374-657E5599FDEA}.Release|Win32.Build.0 = Release|Win32
		{9AF9C061-03A5-4A55-BCEC-9BEE553BABA4}.Debug|Win32.ActiveCfg = Debug|Win32
		{9AF9C061-03A5-4A55-BCEC-9BEE553BABA4}.Debug|Win32.Build.0 = Debug|Win32
		{9AF9C061-03A5-4A55-BCEC-9BEE553BABA4}.Release|Win32.ActiveCfg = Release|Win32
		{9AF9C061-03A5-4A55-BCEC-9BEE553BABA4}.Release|Win32.Build.0 = Release|Win32
		{E43399FA-E674-47EE-B3F2-BCC431DB0C0E}.Debug|Win32.ActiveCfg = Debug|Win32
		{E43399FA-E674-47EE-B3F2-BCC431DB0C0E}.Debug|Win32.Build.0 = Debug|Win32
		{E43399FA-E674-47EE-B3F2-BCC431DB0C0E}.Release|Win32.ActiveCfg = Release|Win32
		{E43399FA-E674-47EE-B3F2-BCC431DB0C0E}.Release|Win32.Build.0 = Release|Win32
	EndGlobalSection
	GlobalSection(SolutionProperties) = preSolution
		HideSolutionNode = FALSE
	EndGlobalSection
EndGlobal
