
Microsoft Visual Studio Solution File, Format Version 12.00
# Visual Studio Express 2013 for Windows Desktop
VisualStudioVersion = 12.0.21005.1
MinimumVisualStudioVersion = 10.0.40219.1
Project("{8BC9CEB8-8B4A-11D0-8D11-00A0C91BC942}") = "148", "148\148.vcxproj", "{7D049D55-7F0F-4561-B374-657E5599FDEA}"
EndProject
Project("{8BC9CEB8-8B4A-11D0-8D11-00A0C91BC942}") = "146", "146\146.vcxproj", "{9AF9C061-03A5-4A55-BCEC-9BEE553BABA4}"
EndProject
Project("{8BC9CEB8-8B4A-11D0-8D11-00A0C91BC942}") = "144", "144\144.vcxproj", "{E43399FA-E674-47EE-B3F2-BCC431DB0C0E}"
EndProject
Project("{8BC9CEB8-8B4A-11D0-8D11-00A0C91BC942}") = "1", "1\1.vcxproj", "{42277A2C-AA5C-44A9-BC92-AD9A6F6EA992}"
EndProject
Project("{8BC9CEB8-8B4A-11D0-8D11-00A0C91BC942}") = "3", "3\3.vcxproj", "{9DE7EB88-15C2-48AC-AFBB-C7BB6524BBA3}"
EndProject
Project("{8BC9CEB8-8B4A-11D0-8D11-00A0C91BC942}") = "5", "5\5.vcxproj", "{2CD7B0C7-12A7-407E-B752-0E083F519059}"
EndProject
Project("{8BC9CEB8-8B4A-11D0-8D11-00A0C91BC942}") = "7", "7\7.vcxproj", "{B5B60365-45E0-47B4-A1D4-52CFAAA2A70B}"
EndProject
Global
	GlobalSection(SolutionConfigurationPlatforms) = preSolution
		Debug|Win32 = Debug|Win32
		Release|Win32 = Release|Win32
	EndGlobalSection
	GlobalSection(ProjectConfigurationPlatforms) = postSolution
		{7D049D55-7F0F-4561-B374-657E5599FDEA}.Debug|Win32.ActiveCfg = Debug|Win32
		{7D049D55-7F0F-4561-B374-657E5599FDEA}.Debug|Win32.Build.0 = Debug|Win32
		{7D049D55-7F0F-4561-B374-657E5599FDEA}.Release|Win32.ActiveCfg = Release|Win32
		{7D049D55-7F0F-4561-B374-657E5599FDEA}.Release|Win32.Build.0 = Release|Win32
		{9AF9C061-03A5-4A55-BCEC-9BEE553BABA4}.Debug|Win32.ActiveCfg = Debug|Win32
		{9AF9C061-03A5-4A55-BCEC-9BEE553BABA4}.Debug|Win32.Build.0 = Debug|Win32
		{9AF9C061-03A5-4A55-BCEC-9BEE553BABA4}.Release|Win32.ActiveCfg = Release|Win32
		{9AF9C061-03A5-4A55-BCEC-9BEE553BABA4}.Release|Win32.Build.0 = Release|Win32
		{E43399FA-E674-47EE-B3F2-BCC431DB0C0E}.Debug|Win32.ActiveCfg = Debug|Win32
		{E43399FA-E674-47EE-B3F2-BCC431DB0C0E}.Debug|Win32.Build.0 = Debug|Win32
		{E43399FA-E674-47EE-B3F2-BCC431DB0C0E}.Release|Win32.ActiveCfg = Release|Win32
		{E43399FA-E674-47EE-B3F2-BCC431DB0C0E}.Release|Win32.Build.0 = Release|Win32
		{42277A2C-AA5C-44A9-BC92-AD9A6F6EA992}.Debug|Win32.ActiveCfg = Debug|Win32
		{42277A2C-AA5C-44A9-BC92-AD9A6F6EA992}.Debug|Win32.Build.0 = Debug|Win32
		{42277A2C-AA5C-44A9-BC92-AD9A6F6EA992}.Release|Win32.ActiveCfg = Release|Win32
		{42277A2C-AA5C-44A9-BC92-AD9A6F6EA992}.Release|Win32.Build.0 = Release|Win32
		{9DE7EB88-15C2-48AC-AFBB-C7BB6524BBA3}.Debug|Win32.ActiveCfg = Debug|Win32
		{9DE7EB88-15C2-48AC-AFBB-C7BB6524BBA3}.Debug|Win32.Build.0 = Debug|Win32
		{9DE7EB88-15C2-48AC-AFBB-C7BB6524BBA3}.Release|Win32.ActiveCfg = Release|Win32
		{9DE7EB88-15C2-48AC-AFBB-C7BB6524BBA3}.Release|Win32.Build.0 = Release|Win32
		{2CD7B0C7-12A7-407E-B752-0E083F519059}.Debug|Win32.ActiveCfg = Debug|Win32
		{2CD7B0C7-12A7-407E-B752-0E083F519059}.Debug|Win32.Build.0 = Debug|Win32
		{2CD7B0C7-12A7-407E-B752-0E083F519059}.Release|Win32.ActiveCfg = Release|Win32
		{2CD7B0C7-12A7-407E-B752-0E083F519059}.Release|Win32.Build.0 = Release|Win32
		{B5B60365-45E0-47B4-A1D4-52CFAAA2A70B}.Debug|Win32.ActiveCfg = Debug|Win32
		{B5B60365-45E0-47B4-A1D4-52CFAAA2A70B}.Debug|Win32.Build.0 = Debug|Win32
		{B5B60365-45E0-47B4-A1D4-52CFAAA2A70B}.Release|Win32.ActiveCfg = Release|Win32
		{B5B60365-45E0-47B4-A1D4-52CFAAA2A70B}.Release|Win32.Build.0 = Release|Win32
	EndGlobalSection
	GlobalSection(SolutionProperties) = preSolution
		HideSolutionNode = FALSE
	EndGlobalSection
EndGlobal
